
Microsoft Visual Studio Solution File, Format Version 12.00
# Visual Studio Version 17
VisualStudioVersion = 17.7.34031.279
MinimumVisualStudioVersion = 10.0.40219.1
Project("{FAE04EC0-301F-11D3-BF4B-00C04F79EFBC}") = "isrpo6", "isrpo6\isrpo6.csproj", "{EDDDFF7C-3F18-4FA0-869D-A9F33EA58B02}"
EndProject
Global
	GlobalSection(SolutionConfigurationPlatforms) = preSolution
		Debug|Any CPU = Debug|Any CPU
		Release|Any CPU = Release|Any CPU
	EndGlobalSection
	GlobalSection(ProjectConfigurationPlatforms) = postSolution
		{EDDDFF7C-3F18-4FA0-869D-A9F33EA58B02}.Debug|Any CPU.ActiveCfg = Debug|Any CPU
		{EDDDFF7C-3F18-4FA0-869D-A9F33EA58B02}.Debug|Any CPU.Build.0 = Debug|Any CPU
		{EDDDFF7C-3F18-4FA0-869D-A9F33EA58B02}.Release|Any CPU.ActiveCfg = Release|Any CPU
		{EDDDFF7C-3F18-4FA0-869D-A9F33EA58B02}.Release|Any CPU.Build.0 = Release|Any CPU
	EndGlobalSection
	GlobalSection(SolutionProperties) = preSolution
		HideSolutionNode = FALSE
	EndGlobalSection
	GlobalSection(ExtensibilityGlobals) = postSolution
		SolutionGuid = {BEE8D863-00DA-4BA2-9553-35118A79C274}
	EndGlobalSection
EndGlobal
